github.com/davecgh/go-spew v1.1.0/go.mod h1:J7Y8YcW2NihsgmVo/mv3lAwl/skON4iLHjSsI+c5H38=
github.com/disintegration/imaging v1.6.2 h1:w1LecBlG2Lnp8B3jk5zSuNqd7b4DXhcjwek1ei82L+c=
github.com/disintegration/imaging v1.6.2/go.mod h1:44/5580QXChDfwIclfc/PCwrr44amcmDAg8hxG0Ewe4=
github.com/golobby/container v1.3.0 h1:Pgk8fK9fJHuZqU924Bl8+DY2/n9jCUtsSKfiOctdQ9A=
github.com/golobby/container v1.3.0/go.mod h1:6yAH4QK+Hi8HxGuCJuAGiqS/a5n8YP+4bXNpPdKzLVM=
github.com/juliangruber/go-intersect v1.0.0 h1:0XNPNaEoPd7PZljVNZLk4qrRkR153Sjk2ZL1426zFQ0=
github.com/juliangruber/go-intersect v1.0.0/go.mod h1:unIef4vysSJvZ6adJAAPiBVKpS4r/IOkmfuFghRFDDM=
github.com/nfnt/resize v0.0.0-20180221191011-83c6a9932646 h1:zYyBkD/k9seD2A7fsi6Oo2LfFZAehjjQMERAvZLEDnQ=
github.com/nfnt/resize v0.0.0-20180221191011-83c6a9932646/go.mod h1:jpp1/29i3P1S/RLdc7JQKbRpFeM1dOBd8T9ki5s+AY8=
github.com/pmezard/go-difflib v1.0.0/go.mod h1:iKH77koFhYxTK1pcRnkKkqfTogsbg7gZNVY4sRDYZ/4=
github.com/robfig/graphics-go v0.0.0-20140921172951-05ad18ff57b8 h1:nALBxWwN8WSuD07aeNFHeAmZuhmnSRwe5Gsm1Ot9Ggg=
github.com/robfig/graphics-go v0.0.0-20140921172951-05ad18ff57b8/go.mod h1:UhxOJ1SGO9++OqPHfPRqgpuryOTAvKRZHzSyjEk8tjk=
github.com/stretchr/objx v0.1.0/go.mod h1:HFkY916IF+rwdDfMAkV7OtwuqBVzrE8GR6GFx+wExME=
github.com/stretchr/testify v1.4.0/go.mod h1:j7eGeouHqKxXV5pUuKE4zz7dFj8WfuZ+81PSLYec5m4=
golang.org/x/image v0.0.0-20191009234506-e7c1f5e7dbb8 h1:hVwzHzIUGRjiF7EcUjqNxk3NCfkPxbDKRdnNE1Rpg0U=
golang.org/x/image v0.0.0-20191009234506-e7c1f5e7dbb8/go.mod h1:FeLwcggjj3mMvU+oOTbSwawSJRM1uh48EjtB4UJZlP0=
golang.org/x/text v0.3.0/go.mod h1:NqM8EUOU14njkJ3fqMW+pc6Ldnwhi/IjpwHt7yyuwOQ=
gopkg.in/check.v1 v0.0.0-20161208181325-20d25e280405/go.mod h1:Co6ibVJAznAaIkqp8huTwlJQCZ016jof/cbN4VW5Yz0=
gopkg.in/yaml.v2 v2.2.2/go.mod h1:hI93XBmqTisBFMUTm0b8Fm+jr3Dg1NNxqwp+5A1VGuI=
